
Microsoft Visual Studio Solution File, Format Version 12.00
# Visual Studio Version 16
VisualStudioVersion = 16.0.31321.278
MinimumVisualStudioVersion = 10.0.40219.1
Project("{9A19103F-16F7-4668-BE54-9A1E7A4F7556}") = "HO HO HO", "HO HO HO\HO HO HO.csproj", "{9FF7EF40-7E49-4FEA-9573-9E8F396C3CCD}"
EndProject
Project("{FAE04EC0-301F-11D3-BF4B-00C04F79EFBC}") = "Pneu", "Pneu\Pneu.csproj", "{4CFF5F87-BB56-4566-B725-53ABC4E71D73}"
EndProject
Global
	GlobalSection(SolutionConfigurationPlatforms) = preSolution
		Debug|Any CPU = Debug|Any CPU
		Release|Any CPU = Release|Any CPU
	EndGlobalSection
	GlobalSection(ProjectConfigurationPlatforms) = postSolution
		{9FF7EF40-7E49-4FEA-9573-9E8F396C3CCD}.Debug|Any CPU.ActiveCfg = Debug|Any CPU
		{9FF7EF40-7E49-4FEA-9573-9E8F396C3CCD}.Debug|Any CPU.Build.0 = Debug|Any CPU
		{9FF7EF40-7E49-4FEA-9573-9E8F396C3CCD}.Release|Any CPU.ActiveCfg = Release|Any CPU
		{9FF7EF40-7E49-4FEA-9573-9E8F396C3CCD}.Release|Any CPU.Build.0 = Release|Any CPU
		{4CFF5F87-BB56-4566-B725-53ABC4E71D73}.Debug|Any CPU.ActiveCfg = Debug|Any CPU
		{4CFF5F87-BB56-4566-B725-53ABC4E71D73}.Debug|Any CPU.Build.0 = Debug|Any CPU
		{4CFF5F87-BB56-4566-B725-53ABC4E71D73}.Release|Any CPU.ActiveCfg = Release|Any CPU
		{4CFF5F87-BB56-4566-B725-53ABC4E71D73}.Release|Any CPU.Build.0 = Release|Any CPU
	EndGlobalSection
	GlobalSection(SolutionProperties) = preSolution
		HideSolutionNode = FALSE
	EndGlobalSection
	GlobalSection(ExtensibilityGlobals) = postSolution
		SolutionGuid = {FEF50B41-CDA1-4991-AC80-358381234EA5}
	EndGlobalSection
EndGlobal
