
Microsoft Visual Studio Solution File, Format Version 12.00
# Visual Studio Version 16
VisualStudioVersion = 16.0.31321.278
MinimumVisualStudioVersion = 10.0.40219.1
Project("{9A19103F-16F7-4668-BE54-9A1E7A4F7556}") = "HO HO HO", "HO HO HO\HO HO HO.csproj", "{9FF7EF40-7E49-4FEA-9573-9E8F396C3CCD}"
EndProject
Project("{9A19103F-16F7-4668-BE54-9A1E7A4F7556}") = "Pneu", "Pneu\Pneu.csproj", "{4CFF5F87-BB56-4566-B725-53ABC4E71D73}"
EndProject
Project("{9A19103F-16F7-4668-BE54-9A1E7A4F7556}") = "Quadrante", "Quadrante\Quadrante.csproj", "{5418820A-66EB-4B87-9223-6136B400A075}"
EndProject
Project("{9A19103F-16F7-4668-BE54-9A1E7A4F7556}") = "MaiorPosicao", "MaiorPosicao\MaiorPosicao.csproj", "{059A5A1F-626A-42CA-8972-33F6932CF47E}"
EndProject
Project("{9A19103F-16F7-4668-BE54-9A1E7A4F7556}") = "GuilhermeSuasPipas", "GuilhermeSuasPipas\GuilhermeSuasPipas.csproj", "{E88DD3C0-9F25-4543-8687-C73D3BB9F476}"
EndProject
Project("{9A19103F-16F7-4668-BE54-9A1E7A4F7556}") = "SomaImparesConsecutivosI", "SomaImparesConsecutivosI\SomaImparesConsecutivosI.csproj", "{41B1496F-8894-45D2-8AC3-341C174DFA48}"
EndProject
Project("{9A19103F-16F7-4668-BE54-9A1E7A4F7556}") = "PUM", "PUM\PUM.csproj", "{F96BB5A8-8F1C-46A6-BD21-8810DCFEC21F}"
EndProject
Project("{9A19103F-16F7-4668-BE54-9A1E7A4F7556}") = "PoligonosRegularesSimples", "PoligonosRegularesSimples\PoligonosRegularesSimples.csproj", "{E4CF9751-A73F-445B-B89B-C7B7A5E49F47}"
EndProject
Project("{9A19103F-16F7-4668-BE54-9A1E7A4F7556}") = "Intervalo2", "Intervalo2\Intervalo2.csproj", "{196B45C6-D3F0-4009-AE2A-C86F0237A230}"
EndProject
Project("{FAE04EC0-301F-11D3-BF4B-00C04F79EFBC}") = "DIFERENCA", "DIFERENCA\DIFERENCA.csproj", "{4BB70FDF-19B1-487C-9E29-DCCF53594353}"
EndProject
Global
	GlobalSection(SolutionConfigurationPlatforms) = preSolution
		Debug|Any CPU = Debug|Any CPU
		Release|Any CPU = Release|Any CPU
	EndGlobalSection
	GlobalSection(ProjectConfigurationPlatforms) = postSolution
		{9FF7EF40-7E49-4FEA-9573-9E8F396C3CCD}.Debug|Any CPU.ActiveCfg = Debug|Any CPU
		{9FF7EF40-7E49-4FEA-9573-9E8F396C3CCD}.Debug|Any CPU.Build.0 = Debug|Any CPU
		{9FF7EF40-7E49-4FEA-9573-9E8F396C3CCD}.Release|Any CPU.ActiveCfg = Release|Any CPU
		{9FF7EF40-7E49-4FEA-9573-9E8F396C3CCD}.Release|Any CPU.Build.0 = Release|Any CPU
		{4CFF5F87-BB56-4566-B725-53ABC4E71D73}.Debug|Any CPU.ActiveCfg = Debug|Any CPU
		{4CFF5F87-BB56-4566-B725-53ABC4E71D73}.Debug|Any CPU.Build.0 = Debug|Any CPU
		{4CFF5F87-BB56-4566-B725-53ABC4E71D73}.Release|Any CPU.ActiveCfg = Release|Any CPU
		{4CFF5F87-BB56-4566-B725-53ABC4E71D73}.Release|Any CPU.Build.0 = Release|Any CPU
		{5418820A-66EB-4B87-9223-6136B400A075}.Debug|Any CPU.ActiveCfg = Debug|Any CPU
		{5418820A-66EB-4B87-9223-6136B400A075}.Debug|Any CPU.Build.0 = Debug|Any CPU
		{5418820A-66EB-4B87-9223-6136B400A075}.Release|Any CPU.ActiveCfg = Release|Any CPU
		{5418820A-66EB-4B87-9223-6136B400A075}.Release|Any CPU.Build.0 = Release|Any CPU
		{059A5A1F-626A-42CA-8972-33F6932CF47E}.Debug|Any CPU.ActiveCfg = Debug|Any CPU
		{059A5A1F-626A-42CA-8972-33F6932CF47E}.Debug|Any CPU.Build.0 = Debug|Any CPU
		{059A5A1F-626A-42CA-8972-33F6932CF47E}.Release|Any CPU.ActiveCfg = Release|Any CPU
		{059A5A1F-626A-42CA-8972-33F6932CF47E}.Release|Any CPU.Build.0 = Release|Any CPU
		{E88DD3C0-9F25-4543-8687-C73D3BB9F476}.Debug|Any CPU.ActiveCfg = Debug|Any CPU
		{E88DD3C0-9F25-4543-8687-C73D3BB9F476}.Debug|Any CPU.Build.0 = Debug|Any CPU
		{E88DD3C0-9F25-4543-8687-C73D3BB9F476}.Release|Any CPU.ActiveCfg = Release|Any CPU
		{E88DD3C0-9F25-4543-8687-C73D3BB9F476}.Release|Any CPU.Build.0 = Release|Any CPU
		{41B1496F-8894-45D2-8AC3-341C174DFA48}.Debug|Any CPU.ActiveCfg = Debug|Any CPU
		{41B1496F-8894-45D2-8AC3-341C174DFA48}.Debug|Any CPU.Build.0 = Debug|Any CPU
		{41B1496F-8894-45D2-8AC3-341C174DFA48}.Release|Any CPU.ActiveCfg = Release|Any CPU
		{41B1496F-8894-45D2-8AC3-341C174DFA48}.Release|Any CPU.Build.0 = Release|Any CPU
		{F96BB5A8-8F1C-46A6-BD21-8810DCFEC21F}.Debug|Any CPU.ActiveCfg = Debug|Any CPU
		{F96BB5A8-8F1C-46A6-BD21-8810DCFEC21F}.Debug|Any CPU.Build.0 = Debug|Any CPU
		{F96BB5A8-8F1C-46A6-BD21-8810DCFEC21F}.Release|Any CPU.ActiveCfg = Release|Any CPU
		{F96BB5A8-8F1C-46A6-BD21-8810DCFEC21F}.Release|Any CPU.Build.0 = Release|Any CPU
		{E4CF9751-A73F-445B-B89B-C7B7A5E49F47}.Debug|Any CPU.ActiveCfg = Debug|Any CPU
		{E4CF9751-A73F-445B-B89B-C7B7A5E49F47}.Debug|Any CPU.Build.0 = Debug|Any CPU
		{E4CF9751-A73F-445B-B89B-C7B7A5E49F47}.Release|Any CPU.ActiveCfg = Release|Any CPU
		{E4CF9751-A73F-445B-B89B-C7B7A5E49F47}.Release|Any CPU.Build.0 = Release|Any CPU
		{196B45C6-D3F0-4009-AE2A-C86F0237A230}.Debug|Any CPU.ActiveCfg = Debug|Any CPU
		{196B45C6-D3F0-4009-AE2A-C86F0237A230}.Debug|Any CPU.Build.0 = Debug|Any CPU
		{196B45C6-D3F0-4009-AE2A-C86F0237A230}.Release|Any CPU.ActiveCfg = Release|Any CPU
		{196B45C6-D3F0-4009-AE2A-C86F0237A230}.Release|Any CPU.Build.0 = Release|Any CPU
		{4BB70FDF-19B1-487C-9E29-DCCF53594353}.Debug|Any CPU.ActiveCfg = Debug|Any CPU
		{4BB70FDF-19B1-487C-9E29-DCCF53594353}.Debug|Any CPU.Build.0 = Debug|Any CPU
		{4BB70FDF-19B1-487C-9E29-DCCF53594353}.Release|Any CPU.ActiveCfg = Release|Any CPU
		{4BB70FDF-19B1-487C-9E29-DCCF53594353}.Release|Any CPU.Build.0 = Release|Any CPU
	EndGlobalSection
	GlobalSection(SolutionProperties) = preSolution
		HideSolutionNode = FALSE
	EndGlobalSection
	GlobalSection(ExtensibilityGlobals) = postSolution
		SolutionGuid = {FEF50B41-CDA1-4991-AC80-358381234EA5}
	EndGlobalSection
EndGlobal
